// !$*UTF8*$!
{
	archiveVersion = 1;
	classes = {
	};
	objectVersion = 46;
	objects = {

/* Begin PBXFileReference section */
		11B2E2321C8F5890009A70C8 /* velocimetro.playground */ = {isa = PBXFileReference; lastKnownFileType = file.playground; path = velocimetro.playground; sourceTree = "<group>"; };
/* End PBXFileReference section */

/* Begin PBXGroup section */
		11B2E22B1C8F5872009A70C8 = {
			isa = PBXGroup;
			children = (
				11B2E2321C8F5890009A70C8 /* velocimetro.playground */,
			);
			sourceTree = "<group>";
		};
/* End PBXGroup section */

/* Begin PBXProject section */
		11B2E22C1C8F5872009A70C8 /* Project object */ = {
			isa = PBXProject;
			attributes = {
				LastUpgradeCheck = 0720;
			};
			buildConfigurationList = 11B2E22F1C8F5872009A70C8 /* Build configuration list for PBXProject "velocimetro" */;
			compatibilityVersion = "Xcode 3.2";
			developmentRegion = English;
			hasScannedForEncodings = 0;
			knownRegions = (
				en,
			);
			mainGroup = 11B2E22B1C8F5872009A70C8;
			projectDirPath = "";
			projectRoot = "";
			targets = (
			);
		};
/* End PBXProject section */

/* Begin XCBuildConfiguration section */
		11B2E2301C8F5872009A70C8 /* Debug */ = {
			isa = XCBuildConfiguration;
			buildSettings = {
			};
			name = Debug;
		};
		11B2E2311C8F5872009A70C8 /* Release */ = {
			isa = XCBuildConfiguration;
			buildSettings = {
			};
			name = Release;
		};
/* End XCBuildConfiguration section */

/* Begin XCConfigurationList section */
		11B2E22F1C8F5872009A70C8 /* Build configuration list for PBXProject "velocimetro" */ = {
			isa = XCConfigurationList;
			buildConfigurations = (
				11B2E2301C8F5872009A70C8 /* Debug */,
				11B2E2311C8F5872009A70C8 /* Release */,
			);
			defaultConfigurationIsVisible = 0;
			defaultConfigurationName = Release;
		};
/* End XCConfigurationList section */
	};
	rootObject = 11B2E22C1C8F5872009A70C8 /* Project object */;
}
